// !$*UTF8*$!
{
	archiveVersion = 1;
	classes = {
	};
	objectVersion = 50;
	objects = {

/* Begin PBXBuildFile section */
		99D855632602DB08007E7207 /* AppDelegate.swift in Sources */ = {isa = PBXBuildFile; fileRef = 99D855622602DB08007E7207 /* AppDelegate.swift */; };
		99D855652602DB08007E7207 /* SceneDelegate.swift in Sources */ = {isa = PBXBuildFile; fileRef = 99D855642602DB08007E7207 /* SceneDelegate.swift */; };
		99D855672602DB08007E7207 /* ViewController.swift in Sources */ = {isa = PBXBuildFile; fileRef = 99D855662602DB08007E7207 /* ViewController.swift */; };
		99D8556A2602DB08007E7207 /* Main.storyboard in Resources */ = {isa = PBXBuildFile; fileRef = 99D855682602DB08007E7207 /* Main.storyboard */; };
		99D8556C2602DB0A007E7207 /* Assets.xcassets in Resources */ = {isa = PBXBuildFile; fileRef = 99D8556B2602DB0A007E7207 /* Assets.xcassets */; };
		99D8556F2602DB0A007E7207 /* LaunchScreen.storyboard in Resources */ = {isa = PBXBuildFile; fileRef = 99D8556D2602DB0A007E7207 /* LaunchScreen.storyboard */; };
		99D8557A2602DB0A007E7207 /* _0210317_DanielSpady_NYCSchoolsTests.swift in Sources */ = {isa = PBXBuildFile; fileRef = 99D855792602DB0A007E7207 /* _0210317_DanielSpady_NYCSchoolsTests.swift */; };
		99D855852602DB0A007E7207 /* _0210317_DanielSpady_NYCSchoolsUITests.swift in Sources */ = {isa = PBXBuildFile; fileRef = 99D855842602DB0A007E7207 /* _0210317_DanielSpady_NYCSchoolsUITests.swift */; };
		99D8559C2602DF13007E7207 /* .swiftlint.yml in Resources */ = {isa = PBXBuildFile; fileRef = 99D8559B2602DF13007E7207 /* .swiftlint.yml */; };
		99D855BB2602E3FD007E7207 /* BaseRequest.swift in Sources */ = {isa = PBXBuildFile; fileRef = 99D855BA2602E3FD007E7207 /* BaseRequest.swift */; };
		99D855C32602E4C8007E7207 /* BaseService.swift in Sources */ = {isa = PBXBuildFile; fileRef = 99D855C22602E4C8007E7207 /* BaseService.swift */; };
		99D855C82602E765007E7207 /* BaseNavigator.swift in Sources */ = {isa = PBXBuildFile; fileRef = 99D855C72602E765007E7207 /* BaseNavigator.swift */; };
		99D855CD2602E7D8007E7207 /* BaseViewController.swift in Sources */ = {isa = PBXBuildFile; fileRef = 99D855CC2602E7D8007E7207 /* BaseViewController.swift */; };
		99D855D52602E8A3007E7207 /* AnimatedLoader.swift in Sources */ = {isa = PBXBuildFile; fileRef = 99D855D42602E8A3007E7207 /* AnimatedLoader.swift */; };
		99D855DD2602E8F5007E7207 /* AppConstants.swift in Sources */ = {isa = PBXBuildFile; fileRef = 99D855DC2602E8F5007E7207 /* AppConstants.swift */; };
		99D855E22602E9A2007E7207 /* BaseCodable.swift in Sources */ = {isa = PBXBuildFile; fileRef = 99D855E12602E9A2007E7207 /* BaseCodable.swift */; };
		99D855E72602E9CA007E7207 /* BaseResponse.swift in Sources */ = {isa = PBXBuildFile; fileRef = 99D855E62602E9CA007E7207 /* BaseResponse.swift */; };
		99D855F52602ECC9007E7207 /* SchoolResult.swift in Sources */ = {isa = PBXBuildFile; fileRef = 99D855F42602ECC9007E7207 /* SchoolResult.swift */; };
		99D855FB2602F918007E7207 /* SchoolRequest.swift in Sources */ = {isa = PBXBuildFile; fileRef = 99D855FA2602F918007E7207 /* SchoolRequest.swift */; };
		99D856042602F945007E7207 /* SchoolResponse.swift in Sources */ = {isa = PBXBuildFile; fileRef = 99D856032602F945007E7207 /* SchoolResponse.swift */; };
		99D8560A2602F9FE007E7207 /* SchoolUtillity.swift in Sources */ = {isa = PBXBuildFile; fileRef = 99D856092602F9FE007E7207 /* SchoolUtillity.swift */; };
		99D856122602FBA0007E7207 /* SchoolListNetworkTests.swift in Sources */ = {isa = PBXBuildFile; fileRef = 99D856112602FBA0007E7207 /* SchoolListNetworkTests.swift */; };
		99D8562126030712007E7207 /* SATResult.swift in Sources */ = {isa = PBXBuildFile; fileRef = 99D8562026030712007E7207 /* SATResult.swift */; };
		99D856292603073B007E7207 /* SATRequest.swift in Sources */ = {isa = PBXBuildFile; fileRef = 99D856282603073B007E7207 /* SATRequest.swift */; };
		99D8563126030748007E7207 /* SATResponse.swift in Sources */ = {isa = PBXBuildFile; fileRef = 99D8563026030748007E7207 /* SATResponse.swift */; };
		99D85636260309D8007E7207 /* SATListNetworkTests.swift in Sources */ = {isa = PBXBuildFile; fileRef = 99D85635260309D8007E7207 /* SATListNetworkTests.swift */; };
		99D85650260320CD007E7207 /* ViewControllerDetails.swift in Sources */ = {isa = PBXBuildFile; fileRef = 99D8564F260320CD007E7207 /* ViewControllerDetails.swift */; };
		99D856552603217A007E7207 /* SchoolNavigator.swift in Sources */ = {isa = PBXBuildFile; fileRef = 99D856542603217A007E7207 /* SchoolNavigator.swift */; };
/* End PBXBuildFile section */

/* Begin PBXContainerItemProxy section */
		99D855762602DB0A007E7207 /* PBXContainerItemProxy */ = {
			isa = PBXContainerItemProxy;
			containerPortal = 99D855572602DB07007E7207 /* Project object */;
			proxyType = 1;
			remoteGlobalIDString = 99D8555E2602DB08007E7207;
			remoteInfo = "20210317-DanielSpady-NYCSchools";
		};
		99D855812602DB0A007E7207 /* PBXContainerItemProxy */ = {
			isa = PBXContainerItemProxy;
			containerPortal = 99D855572602DB07007E7207 /* Project object */;
			proxyType = 1;
			remoteGlobalIDString = 99D8555E2602DB08007E7207;
			remoteInfo = "20210317-DanielSpady-NYCSchools";
		};
/* End PBXContainerItemProxy section */

/* Begin PBXFileReference section */
		99D8555F2602DB08007E7207 /* 20210317-DanielSpady-NYCSchools.app */ = {isa = PBXFileReference; explicitFileType = wrapper.application; includeInIndex = 0; path = "20210317-DanielSpady-NYCSchools.app"; sourceTree = BUILT_PRODUCTS_DIR; };
		99D855622602DB08007E7207 /* AppDelegate.swift */ = {isa = PBXFileReference; lastKnownFileType = sourcecode.swift; path = AppDelegate.swift; sourceTree = "<group>"; };
		99D855642602DB08007E7207 /* SceneDelegate.swift */ = {isa = PBXFileReference; lastKnownFileType = sourcecode.swift; path = SceneDelegate.swift; sourceTree = "<group>"; };
		99D855662602DB08007E7207 /* ViewController.swift */ = {isa = PBXFileReference; lastKnownFileType = sourcecode.swift; path = ViewController.swift; sourceTree = "<group>"; };
		99D855692602DB08007E7207 /* Base */ = {isa = PBXFileReference; lastKnownFileType = file.storyboard; name = Base; path = Base.lproj/Main.storyboard; sourceTree = "<group>"; };
		99D8556B2602DB0A007E7207 /* Assets.xcassets */ = {isa = PBXFileReference; lastKnownFileType = folder.assetcatalog; path = Assets.xcassets; sourceTree = "<group>"; };
		99D8556E2602DB0A007E7207 /* Base */ = {isa = PBXFileReference; lastKnownFileType = file.storyboard; name = Base; path = Base.lproj/LaunchScreen.storyboard; sourceTree = "<group>"; };
		99D855702602DB0A007E7207 /* Info.plist */ = {isa = PBXFileReference; lastKnownFileType = text.plist.xml; path = Info.plist; sourceTree = "<group>"; };
		99D855752602DB0A007E7207 /* 20210317-DanielSpady-NYCSchoolsTests.xctest */ = {isa = PBXFileReference; explicitFileType = wrapper.cfbundle; includeInIndex = 0; path = "20210317-DanielSpady-NYCSchoolsTests.xctest"; sourceTree = BUILT_PRODUCTS_DIR; };
		99D855792602DB0A007E7207 /* _0210317_DanielSpady_NYCSchoolsTests.swift */ = {isa = PBXFileReference; lastKnownFileType = sourcecode.swift; path = _0210317_DanielSpady_NYCSchoolsTests.swift; sourceTree = "<group>"; };
		99D8557B2602DB0A007E7207 /* Info.plist */ = {isa = PBXFileReference; lastKnownFileType = text.plist.xml; path = Info.plist; sourceTree = "<group>"; };
		99D855802602DB0A007E7207 /* 20210317-DanielSpady-NYCSchoolsUITests.xctest */ = {isa = PBXFileReference; explicitFileType = wrapper.cfbundle; includeInIndex = 0; path = "20210317-DanielSpady-NYCSchoolsUITests.xctest"; sourceTree = BUILT_PRODUCTS_DIR; };
		99D855842602DB0A007E7207 /* _0210317_DanielSpady_NYCSchoolsUITests.swift */ = {isa = PBXFileReference; lastKnownFileType = sourcecode.swift; path = _0210317_DanielSpady_NYCSchoolsUITests.swift; sourceTree = "<group>"; };
		99D855862602DB0A007E7207 /* Info.plist */ = {isa = PBXFileReference; lastKnownFileType = text.plist.xml; path = Info.plist; sourceTree = "<group>"; };
		99D8559B2602DF13007E7207 /* .swiftlint.yml */ = {isa = PBXFileReference; fileEncoding = 4; lastKnownFileType = text.yaml; path = .swiftlint.yml; sourceTree = "<group>"; };
		99D855BA2602E3FD007E7207 /* BaseRequest.swift */ = {isa = PBXFileReference; lastKnownFileType = sourcecode.swift; path = BaseRequest.swift; sourceTree = "<group>"; };
		99D855C22602E4C8007E7207 /* BaseService.swift */ = {isa = PBXFileReference; lastKnownFileType = sourcecode.swift; path = BaseService.swift; sourceTree = "<group>"; };
		99D855C72602E765007E7207 /* BaseNavigator.swift */ = {isa = PBXFileReference; lastKnownFileType = sourcecode.swift; path = BaseNavigator.swift; sourceTree = "<group>"; };
		99D855CC2602E7D8007E7207 /* BaseViewController.swift */ = {isa = PBXFileReference; lastKnownFileType = sourcecode.swift; path = BaseViewController.swift; sourceTree = "<group>"; };
		99D855D42602E8A3007E7207 /* AnimatedLoader.swift */ = {isa = PBXFileReference; lastKnownFileType = sourcecode.swift; path = AnimatedLoader.swift; sourceTree = "<group>"; };
		99D855DC2602E8F5007E7207 /* AppConstants.swift */ = {isa = PBXFileReference; lastKnownFileType = sourcecode.swift; path = AppConstants.swift; sourceTree = "<group>"; };
		99D855E12602E9A2007E7207 /* BaseCodable.swift */ = {isa = PBXFileReference; lastKnownFileType = sourcecode.swift; path = BaseCodable.swift; sourceTree = "<group>"; };
		99D855E62602E9CA007E7207 /* BaseResponse.swift */ = {isa = PBXFileReference; lastKnownFileType = sourcecode.swift; path = BaseResponse.swift; sourceTree = "<group>"; };
		99D855F42602ECC9007E7207 /* SchoolResult.swift */ = {isa = PBXFileReference; lastKnownFileType = sourcecode.swift; path = SchoolResult.swift; sourceTree = "<group>"; };
		99D855FA2602F918007E7207 /* SchoolRequest.swift */ = {isa = PBXFileReference; lastKnownFileType = sourcecode.swift; path = SchoolRequest.swift; sourceTree = "<group>"; };
		99D856032602F945007E7207 /* SchoolResponse.swift */ = {isa = PBXFileReference; lastKnownFileType = sourcecode.swift; path = SchoolResponse.swift; sourceTree = "<group>"; };
		99D856092602F9FE007E7207 /* SchoolUtillity.swift */ = {isa = PBXFileReference; lastKnownFileType = sourcecode.swift; path = SchoolUtillity.swift; sourceTree = "<group>"; };
		99D856112602FBA0007E7207 /* SchoolListNetworkTests.swift */ = {isa = PBXFileReference; lastKnownFileType = sourcecode.swift; path = SchoolListNetworkTests.swift; sourceTree = "<group>"; };
		99D8562026030712007E7207 /* SATResult.swift */ = {isa = PBXFileReference; lastKnownFileType = sourcecode.swift; path = SATResult.swift; sourceTree = "<group>"; };
		99D856282603073B007E7207 /* SATRequest.swift */ = {isa = PBXFileReference; lastKnownFileType = sourcecode.swift; path = SATRequest.swift; sourceTree = "<group>"; };
		99D8563026030748007E7207 /* SATResponse.swift */ = {isa = PBXFileReference; lastKnownFileType = sourcecode.swift; path = SATResponse.swift; sourceTree = "<group>"; };
		99D85635260309D8007E7207 /* SATListNetworkTests.swift */ = {isa = PBXFileReference; lastKnownFileType = sourcecode.swift; path = SATListNetworkTests.swift; sourceTree = "<group>"; };
		99D8564F260320CD007E7207 /* ViewControllerDetails.swift */ = {isa = PBXFileReference; lastKnownFileType = sourcecode.swift; path = ViewControllerDetails.swift; sourceTree = "<group>"; };
		99D856542603217A007E7207 /* SchoolNavigator.swift */ = {isa = PBXFileReference; lastKnownFileType = sourcecode.swift; path = SchoolNavigator.swift; sourceTree = "<group>"; };
/* End PBXFileReference section */

/* Begin PBXFrameworksBuildPhase section */
		99D8555C2602DB08007E7207 /* Frameworks */ = {
			isa = PBXFrameworksBuildPhase;
			buildActionMask = 2147483647;
			files = (
			);
			runOnlyForDeploymentPostprocessing = 0;
		};
		99D855722602DB0A007E7207 /* Frameworks */ = {
			isa = PBXFrameworksBuildPhase;
			buildActionMask = 2147483647;
			files = (
			);
			runOnlyForDeploymentPostprocessing = 0;
		};
		99D8557D2602DB0A007E7207 /* Frameworks */ = {
			isa = PBXFrameworksBuildPhase;
			buildActionMask = 2147483647;
			files = (
			);
			runOnlyForDeploymentPostprocessing = 0;
		};
/* End PBXFrameworksBuildPhase section */

/* Begin PBXGroup section */
		99D855562602DB07007E7207 = {
			isa = PBXGroup;
			children = (
				99D8559B2602DF13007E7207 /* .swiftlint.yml */,
				99D855612602DB08007E7207 /* 20210317-DanielSpady-NYCSchools */,
				99D855782602DB0A007E7207 /* 20210317-DanielSpady-NYCSchoolsTests */,
				99D855832602DB0A007E7207 /* 20210317-DanielSpady-NYCSchoolsUITests */,
				99D855602602DB08007E7207 /* Products */,
			);
			sourceTree = "<group>";
		};
		99D855602602DB08007E7207 /* Products */ = {
			isa = PBXGroup;
			children = (
				99D8555F2602DB08007E7207 /* 20210317-DanielSpady-NYCSchools.app */,
				99D855752602DB0A007E7207 /* 20210317-DanielSpady-NYCSchoolsTests.xctest */,
				99D855802602DB0A007E7207 /* 20210317-DanielSpady-NYCSchoolsUITests.xctest */,
			);
			name = Products;
			sourceTree = "<group>";
		};
		99D855612602DB08007E7207 /* 20210317-DanielSpady-NYCSchools */ = {
			isa = PBXGroup;
			children = (
				99D855B32602E326007E7207 /* Features */,
				99D855B42602E32F007E7207 /* Subsystems */,
				99D855622602DB08007E7207 /* AppDelegate.swift */,
				99D855642602DB08007E7207 /* SceneDelegate.swift */,
				99D8556B2602DB0A007E7207 /* Assets.xcassets */,
				99D8556D2602DB0A007E7207 /* LaunchScreen.storyboard */,
				99D855702602DB0A007E7207 /* Info.plist */,
			);
			path = "20210317-DanielSpady-NYCSchools";
			sourceTree = "<group>";
		};
		99D855782602DB0A007E7207 /* 20210317-DanielSpady-NYCSchoolsTests */ = {
			isa = PBXGroup;
			children = (
				99D855792602DB0A007E7207 /* _0210317_DanielSpady_NYCSchoolsTests.swift */,
				99D8557B2602DB0A007E7207 /* Info.plist */,
				99D856112602FBA0007E7207 /* SchoolListNetworkTests.swift */,
				99D85635260309D8007E7207 /* SATListNetworkTests.swift */,
			);
			path = "20210317-DanielSpady-NYCSchoolsTests";
			sourceTree = "<group>";
		};
		99D855832602DB0A007E7207 /* 20210317-DanielSpady-NYCSchoolsUITests */ = {
			isa = PBXGroup;
			children = (
				99D855842602DB0A007E7207 /* _0210317_DanielSpady_NYCSchoolsUITests.swift */,
				99D855862602DB0A007E7207 /* Info.plist */,
			);
			path = "20210317-DanielSpady-NYCSchoolsUITests";
			sourceTree = "<group>";
		};
		99D855B32602E326007E7207 /* Features */ = {
			isa = PBXGroup;
			children = (
				99D855B52602E36B007E7207 /* SchoolList */,
			);
			path = Features;
			sourceTree = "<group>";
		};
		99D855B42602E32F007E7207 /* Subsystems */ = {
			isa = PBXGroup;
			children = (
				99D855D32602E87E007E7207 /* Constants */,
				99D855D22602E874007E7207 /* View */,
				99D855D12602E86B007E7207 /* Protocols */,
				99D855B92602E3BB007E7207 /* Base */,
			);
			path = Subsystems;
			sourceTree = "<group>";
		};
		99D855B52602E36B007E7207 /* SchoolList */ = {
			isa = PBXGroup;
			children = (
				99D856082602F9E1007E7207 /* BusinessLogic */,
				99D855B62602E377007E7207 /* Model */,
				99D855B72602E37E007E7207 /* View */,
				99D855B82602E38C007E7207 /* Controller */,
			);
			path = SchoolList;
			sourceTree = "<group>";
		};
		99D855B62602E377007E7207 /* Model */ = {
			isa = PBXGroup;
			children = (
				99D8561D260306E0007E7207 /* SATs */,
				99D8561C260306CE007E7207 /* Schools */,
			);
			path = Model;
			sourceTree = "<group>";
		};
		99D855B72602E37E007E7207 /* View */ = {
			isa = PBXGroup;
			children = (
				99D855682602DB08007E7207 /* Main.storyboard */,
			);
			path = View;
			sourceTree = "<group>";
		};
		99D855B82602E38C007E7207 /* Controller */ = {
			isa = PBXGroup;
			children = (
				99D855662602DB08007E7207 /* ViewController.swift */,
				99D8564F260320CD007E7207 /* ViewControllerDetails.swift */,
			);
			path = Controller;
			sourceTree = "<group>";
		};
		99D855B92602E3BB007E7207 /* Base */ = {
			isa = PBXGroup;
			children = (
				99D855BA2602E3FD007E7207 /* BaseRequest.swift */,
				99D855C22602E4C8007E7207 /* BaseService.swift */,
				99D855C72602E765007E7207 /* BaseNavigator.swift */,
				99D855CC2602E7D8007E7207 /* BaseViewController.swift */,
			);
			path = Base;
			sourceTree = "<group>";
		};
		99D855D12602E86B007E7207 /* Protocols */ = {
			isa = PBXGroup;
			children = (
				99D855E12602E9A2007E7207 /* BaseCodable.swift */,
				99D855E62602E9CA007E7207 /* BaseResponse.swift */,
			);
			path = Protocols;
			sourceTree = "<group>";
		};
		99D855D22602E874007E7207 /* View */ = {
			isa = PBXGroup;
			children = (
				99D855D42602E8A3007E7207 /* AnimatedLoader.swift */,
			);
			path = View;
			sourceTree = "<group>";
		};
		99D855D32602E87E007E7207 /* Constants */ = {
			isa = PBXGroup;
			children = (
				99D855DC2602E8F5007E7207 /* AppConstants.swift */,
			);
			path = Constants;
			sourceTree = "<group>";
		};
		99D855F92602F8FE007E7207 /* Request */ = {
			isa = PBXGroup;
			children = (
				99D855FA2602F918007E7207 /* SchoolRequest.swift */,
			);
			path = Request;
			sourceTree = "<group>";
		};
		99D856022602F92D007E7207 /* Response */ = {
			isa = PBXGroup;
			children = (
				99D856032602F945007E7207 /* SchoolResponse.swift */,
			);
			path = Response;
			sourceTree = "<group>";
		};
		99D856082602F9E1007E7207 /* BusinessLogic */ = {
			isa = PBXGroup;
			children = (
				99D856092602F9FE007E7207 /* SchoolUtillity.swift */,
				99D856542603217A007E7207 /* SchoolNavigator.swift */,
			);
			path = BusinessLogic;
			sourceTree = "<group>";
		};
		99D8561C260306CE007E7207 /* Schools */ = {
			isa = PBXGroup;
			children = (
				99D855F42602ECC9007E7207 /* SchoolResult.swift */,
				99D856022602F92D007E7207 /* Response */,
				99D855F92602F8FE007E7207 /* Request */,
			);
			path = Schools;
			sourceTree = "<group>";
		};
		99D8561D260306E0007E7207 /* SATs */ = {
			isa = PBXGroup;
			children = (
				99D8562026030712007E7207 /* SATResult.swift */,
				99D8561F260306FB007E7207 /* Request */,
				99D8561E260306F3007E7207 /* Response */,
			);
			path = SATs;
			sourceTree = "<group>";
		};
		99D8561E260306F3007E7207 /* Response */ = {
			isa = PBXGroup;
			children = (
				99D8563026030748007E7207 /* SATResponse.swift */,
			);
			path = Response;
			sourceTree = "<group>";
		};
		99D8561F260306FB007E7207 /* Request */ = {
			isa = PBXGroup;
			children = (
				99D856282603073B007E7207 /* SATRequest.swift */,
			);
			path = Request;
			sourceTree = "<group>";
		};
/* End PBXGroup section */

/* Begin PBXNativeTarget section */
		99D8555E2602DB08007E7207 /* 20210317-DanielSpady-NYCSchools */ = {
			isa = PBXNativeTarget;
			buildConfigurationList = 99D855892602DB0A007E7207 /* Build configuration list for PBXNativeTarget "20210317-DanielSpady-NYCSchools" */;
			buildPhases = (
				99D8555B2602DB08007E7207 /* Sources */,
				99D8555C2602DB08007E7207 /* Frameworks */,
				99D8555D2602DB08007E7207 /* Resources */,
			);
			buildRules = (
			);
			dependencies = (
			);
			name = "20210317-DanielSpady-NYCSchools";
			productName = "20210317-DanielSpady-NYCSchools";
			productReference = 99D8555F2602DB08007E7207 /* 20210317-DanielSpady-NYCSchools.app */;
			productType = "com.apple.product-type.application";
		};
		99D855742602DB0A007E7207 /* 20210317-DanielSpady-NYCSchoolsTests */ = {
			isa = PBXNativeTarget;
			buildConfigurationList = 99D8558C2602DB0A007E7207 /* Build configuration list for PBXNativeTarget "20210317-DanielSpady-NYCSchoolsTests" */;
			buildPhases = (
				99D855712602DB0A007E7207 /* Sources */,
				99D855722602DB0A007E7207 /* Frameworks */,
				99D855732602DB0A007E7207 /* Resources */,
			);
			buildRules = (
			);
			dependencies = (
				99D855772602DB0A007E7207 /* PBXTargetDependency */,
			);
			name = "20210317-DanielSpady-NYCSchoolsTests";
			productName = "20210317-DanielSpady-NYCSchoolsTests";
			productReference = 99D855752602DB0A007E7207 /* 20210317-DanielSpady-NYCSchoolsTests.xctest */;
			productType = "com.apple.product-type.bundle.unit-test";
		};
		99D8557F2602DB0A007E7207 /* 20210317-DanielSpady-NYCSchoolsUITests */ = {
			isa = PBXNativeTarget;
			buildConfigurationList = 99D8558F2602DB0A007E7207 /* Build configuration list for PBXNativeTarget "20210317-DanielSpady-NYCSchoolsUITests" */;
			buildPhases = (
				99D8557C2602DB0A007E7207 /* Sources */,
				99D8557D2602DB0A007E7207 /* Frameworks */,
				99D8557E2602DB0A007E7207 /* Resources */,
			);
			buildRules = (
			);
			dependencies = (
				99D855822602DB0A007E7207 /* PBXTargetDependency */,
			);
			name = "20210317-DanielSpady-NYCSchoolsUITests";
			productName = "20210317-DanielSpady-NYCSchoolsUITests";
			productReference = 99D855802602DB0A007E7207 /* 20210317-DanielSpady-NYCSchoolsUITests.xctest */;
			productType = "com.apple.product-type.bundle.ui-testing";
		};
/* End PBXNativeTarget section */

/* Begin PBXProject section */
		99D855572602DB07007E7207 /* Project object */ = {
			isa = PBXProject;
			attributes = {
				LastSwiftUpdateCheck = 1200;
				LastUpgradeCheck = 1200;
				TargetAttributes = {
					99D8555E2602DB08007E7207 = {
						CreatedOnToolsVersion = 12.0.1;
					};
					99D855742602DB0A007E7207 = {
						CreatedOnToolsVersion = 12.0.1;
						TestTargetID = 99D8555E2602DB08007E7207;
					};
					99D8557F2602DB0A007E7207 = {
						CreatedOnToolsVersion = 12.0.1;
						TestTargetID = 99D8555E2602DB08007E7207;
					};
				};
			};
			buildConfigurationList = 99D8555A2602DB07007E7207 /* Build configuration list for PBXProject "20210317-DanielSpady-NYCSchools" */;
			compatibilityVersion = "Xcode 9.3";
			developmentRegion = en;
			hasScannedForEncodings = 0;
			knownRegions = (
				en,
				Base,
			);
			mainGroup = 99D855562602DB07007E7207;
			productRefGroup = 99D855602602DB08007E7207 /* Products */;
			projectDirPath = "";
			projectRoot = "";
			targets = (
				99D8555E2602DB08007E7207 /* 20210317-DanielSpady-NYCSchools */,
				99D855742602DB0A007E7207 /* 20210317-DanielSpady-NYCSchoolsTests */,
				99D8557F2602DB0A007E7207 /* 20210317-DanielSpady-NYCSchoolsUITests */,
			);
		};
/* End PBXProject section */

/* Begin PBXResourcesBuildPhase section */
		99D8555D2602DB08007E7207 /* Resources */ = {
			isa = PBXResourcesBuildPhase;
			buildActionMask = 2147483647;
			files = (
				99D8559C2602DF13007E7207 /* .swiftlint.yml in Resources */,
				99D8556F2602DB0A007E7207 /* LaunchScreen.storyboard in Resources */,
				99D8556C2602DB0A007E7207 /* Assets.xcassets in Resources */,
				99D8556A2602DB08007E7207 /* Main.storyboard in Resources */,
			);
			runOnlyForDeploymentPostprocessing = 0;
		};
		99D855732602DB0A007E7207 /* Resources */ = {
			isa = PBXResourcesBuildPhase;
			buildActionMask = 2147483647;
			files = (
			);
			runOnlyForDeploymentPostprocessing = 0;
		};
		99D8557E2602DB0A007E7207 /* Resources */ = {
			isa = PBXResourcesBuildPhase;
			buildActionMask = 2147483647;
			files = (
			);
			runOnlyForDeploymentPostprocessing = 0;
		};
/* End PBXResourcesBuildPhase section */

/* Begin PBXSourcesBuildPhase section */
		99D8555B2602DB08007E7207 /* Sources */ = {
			isa = PBXSourcesBuildPhase;
			buildActionMask = 2147483647;
			files = (
				99D855FB2602F918007E7207 /* SchoolRequest.swift in Sources */,
				99D856292603073B007E7207 /* SATRequest.swift in Sources */,
				99D8562126030712007E7207 /* SATResult.swift in Sources */,
				99D855BB2602E3FD007E7207 /* BaseRequest.swift in Sources */,
				99D855DD2602E8F5007E7207 /* AppConstants.swift in Sources */,
				99D8563126030748007E7207 /* SATResponse.swift in Sources */,
				99D855D52602E8A3007E7207 /* AnimatedLoader.swift in Sources */,
				99D855E22602E9A2007E7207 /* BaseCodable.swift in Sources */,
				99D855672602DB08007E7207 /* ViewController.swift in Sources */,
				99D855C82602E765007E7207 /* BaseNavigator.swift in Sources */,
				99D85650260320CD007E7207 /* ViewControllerDetails.swift in Sources */,
				99D855632602DB08007E7207 /* AppDelegate.swift in Sources */,
				99D855C32602E4C8007E7207 /* BaseService.swift in Sources */,
				99D855F52602ECC9007E7207 /* SchoolResult.swift in Sources */,
				99D855CD2602E7D8007E7207 /* BaseViewController.swift in Sources */,
				99D855E72602E9CA007E7207 /* BaseResponse.swift in Sources */,
				99D856042602F945007E7207 /* SchoolResponse.swift in Sources */,
				99D855652602DB08007E7207 /* SceneDelegate.swift in Sources */,
				99D8560A2602F9FE007E7207 /* SchoolUtillity.swift in Sources */,
				99D856552603217A007E7207 /* SchoolNavigator.swift in Sources */,
			);
			runOnlyForDeploymentPostprocessing = 0;
		};
		99D855712602DB0A007E7207 /* Sources */ = {
			isa = PBXSourcesBuildPhase;
			buildActionMask = 2147483647;
			files = (
				99D856122602FBA0007E7207 /* SchoolListNetworkTests.swift in Sources */,
				99D8557A2602DB0A007E7207 /* _0210317_DanielSpady_NYCSchoolsTests.swift in Sources */,
				99D85636260309D8007E7207 /* SATListNetworkTests.swift in Sources */,
			);
			runOnlyForDeploymentPostprocessing = 0;
		};
		99D8557C2602DB0A007E7207 /* Sources */ = {
			isa = PBXSourcesBuildPhase;
			buildActionMask = 2147483647;
			files = (
				99D855852602DB0A007E7207 /* _0210317_DanielSpady_NYCSchoolsUITests.swift in Sources */,
			);
			runOnlyForDeploymentPostprocessing = 0;
		};
/* End PBXSourcesBuildPhase section */

/* Begin PBXTargetDependency section */
		99D855772602DB0A007E7207 /* PBXTargetDependency */ = {
			isa = PBXTargetDependency;
			target = 99D8555E2602DB08007E7207 /* 20210317-DanielSpady-NYCSchools */;
			targetProxy = 99D855762602DB0A007E7207 /* PBXContainerItemProxy */;
		};
		99D855822602DB0A007E7207 /* PBXTargetDependency */ = {
			isa = PBXTargetDependency;
			target = 99D8555E2602DB08007E7207 /* 20210317-DanielSpady-NYCSchools */;
			targetProxy = 99D855812602DB0A007E7207 /* PBXContainerItemProxy */;
		};
/* End PBXTargetDependency section */

/* Begin PBXVariantGroup section */
		99D855682602DB08007E7207 /* Main.storyboard */ = {
			isa = PBXVariantGroup;
			children = (
				99D855692602DB08007E7207 /* Base */,
			);
			name = Main.storyboard;
			sourceTree = "<group>";
		};
		99D8556D2602DB0A007E7207 /* LaunchScreen.storyboard */ = {
			isa = PBXVariantGroup;
			children = (
				99D8556E2602DB0A007E7207 /* Base */,
			);
			name = LaunchScreen.storyboard;
			sourceTree = "<group>";
		};
/* End PBXVariantGroup section */

/* Begin XCBuildConfiguration section */
		99D855872602DB0A007E7207 /* Debug */ = {
			isa = XCBuildConfiguration;
			buildSettings = {
				ALWAYS_SEARCH_USER_PATHS = NO;
				CLANG_ANALYZER_NONNULL = YES;
				CLANG_ANALYZER_NUMBER_OBJECT_CONVERSION = YES_AGGRESSIVE;
				CLANG_CXX_LANGUAGE_STANDARD = "gnu++14";
				CLANG_CXX_LIBRARY = "libc++";
				CLANG_ENABLE_MODULES = YES;
				CLANG_ENABLE_OBJC_ARC = YES;
				CLANG_ENABLE_OBJC_WEAK = YES;
				CLANG_WARN_BLOCK_CAPTURE_AUTORELEASING = YES;
				CLANG_WARN_BOOL_CONVERSION = YES;
				CLANG_WARN_COMMA = YES;
				CLANG_WARN_CONSTANT_CONVERSION = YES;
				CLANG_WARN_DEPRECATED_OBJC_IMPLEMENTATIONS = YES;
				CLANG_WARN_DIRECT_OBJC_ISA_USAGE = YES_ERROR;
				CLANG_WARN_DOCUMENTATION_COMMENTS = YES;
				CLANG_WARN_EMPTY_BODY = YES;
				CLANG_WARN_ENUM_CONVERSION = YES;
				CLANG_WARN_INFINITE_RECURSION = YES;
				CLANG_WARN_INT_CONVERSION = YES;
				CLANG_WARN_NON_LITERAL_NULL_CONVERSION = YES;
				CLANG_WARN_OBJC_IMPLICIT_RETAIN_SELF = YES;
				CLANG_WARN_OBJC_LITERAL_CONVERSION = YES;
				CLANG_WARN_OBJC_ROOT_CLASS = YES_ERROR;
				CLANG_WARN_QUOTED_INCLUDE_IN_FRAMEWORK_HEADER = YES;
				CLANG_WARN_RANGE_LOOP_ANALYSIS = YES;
				CLANG_WARN_STRICT_PROTOTYPES = YES;
				CLANG_WARN_SUSPICIOUS_MOVE = YES;
				CLANG_WARN_UNGUARDED_AVAILABILITY = YES_AGGRESSIVE;
				CLANG_WARN_UNREACHABLE_CODE = YES;
				CLANG_WARN__DUPLICATE_METHOD_MATCH = YES;
				COPY_PHASE_STRIP = NO;
				DEBUG_INFORMATION_FORMAT = dwarf;
				ENABLE_STRICT_OBJC_MSGSEND = YES;
				ENABLE_TESTABILITY = YES;
				GCC_C_LANGUAGE_STANDARD = gnu11;
				GCC_DYNAMIC_NO_PIC = NO;
				GCC_NO_COMMON_BLOCKS = YES;
				GCC_OPTIMIZATION_LEVEL = 0;
				GCC_PREPROCESSOR_DEFINITIONS = (
					"DEBUG=1",
					"$(inherited)",
				);
				GCC_WARN_64_TO_32_BIT_CONVERSION = YES;
				GCC_WARN_ABOUT_RETURN_TYPE = YES_ERROR;
				GCC_WARN_UNDECLARED_SELECTOR = YES;
				GCC_WARN_UNINITIALIZED_AUTOS = YES_AGGRESSIVE;
				GCC_WARN_UNUSED_FUNCTION = YES;
				GCC_WARN_UNUSED_VARIABLE = YES;
				IPHONEOS_DEPLOYMENT_TARGET = 14.0;
				MTL_ENABLE_DEBUG_INFO = INCLUDE_SOURCE;
				MTL_FAST_MATH = YES;
				ONLY_ACTIVE_ARCH = YES;
				SDKROOT = iphoneos;
				SWIFT_ACTIVE_COMPILATION_CONDITIONS = DEBUG;
				SWIFT_OPTIMIZATION_LEVEL = "-Onone";
			};
			name = Debug;
		};
		99D855882602DB0A007E7207 /* Release */ = {
			isa = XCBuildConfiguration;
			buildSettings = {
				ALWAYS_SEARCH_USER_PATHS = NO;
				CLANG_ANALYZER_NONNULL = YES;
				CLANG_ANALYZER_NUMBER_OBJECT_CONVERSION = YES_AGGRESSIVE;
				CLANG_CXX_LANGUAGE_STANDARD = "gnu++14";
				CLANG_CXX_LIBRARY = "libc++";
				CLANG_ENABLE_MODULES = YES;
				CLANG_ENABLE_OBJC_ARC = YES;
				CLANG_ENABLE_OBJC_WEAK = YES;
				CLANG_WARN_BLOCK_CAPTURE_AUTORELEASING = YES;
				CLANG_WARN_BOOL_CONVERSION = YES;
				CLANG_WARN_COMMA = YES;
				CLANG_WARN_CONSTANT_CONVERSION = YES;
				CLANG_WARN_DEPRECATED_OBJC_IMPLEMENTATIONS = YES;
				CLANG_WARN_DIRECT_OBJC_ISA_USAGE = YES_ERROR;
				CLANG_WARN_DOCUMENTATION_COMMENTS = YES;
				CLANG_WARN_EMPTY_BODY = YES;
				CLANG_WARN_ENUM_CONVERSION = YES;
				CLANG_WARN_INFINITE_RECURSION = YES;
				CLANG_WARN_INT_CONVERSION = YES;
				CLANG_WARN_NON_LITERAL_NULL_CONVERSION = YES;
				CLANG_WARN_OBJC_IMPLICIT_RETAIN_SELF = YES;
				CLANG_WARN_OBJC_LITERAL_CONVERSION = YES;
				CLANG_WARN_OBJC_ROOT_CLASS = YES_ERROR;
				CLANG_WARN_QUOTED_INCLUDE_IN_FRAMEWORK_HEADER = YES;
				CLANG_WARN_RANGE_LOOP_ANALYSIS = YES;
				CLANG_WARN_STRICT_PROTOTYPES = YES;
				CLANG_WARN_SUSPICIOUS_MOVE = YES;
				CLANG_WARN_UNGUARDED_AVAILABILITY = YES_AGGRESSIVE;
				CLANG_WARN_UNREACHABLE_CODE = YES;
				CLANG_WARN__DUPLICATE_METHOD_MATCH = YES;
				COPY_PHASE_STRIP = NO;
				DEBUG_INFORMATION_FORMAT = "dwarf-with-dsym";
				ENABLE_NS_ASSERTIONS = NO;
				ENABLE_STRICT_OBJC_MSGSEND = YES;
				GCC_C_LANGUAGE_STANDARD = gnu11;
				GCC_NO_COMMON_BLOCKS = YES;
				GCC_WARN_64_TO_32_BIT_CONVERSION = YES;
				GCC_WARN_ABOUT_RETURN_TYPE = YES_ERROR;
				GCC_WARN_UNDECLARED_SELECTOR = YES;
				GCC_WARN_UNINITIALIZED_AUTOS = YES_AGGRESSIVE;
				GCC_WARN_UNUSED_FUNCTION = YES;
				GCC_WARN_UNUSED_VARIABLE = YES;
				IPHONEOS_DEPLOYMENT_TARGET = 14.0;
				MTL_ENABLE_DEBUG_INFO = NO;
				MTL_FAST_MATH = YES;
				SDKROOT = iphoneos;
				SWIFT_COMPILATION_MODE = wholemodule;
				SWIFT_OPTIMIZATION_LEVEL = "-O";
				VALIDATE_PRODUCT = YES;
			};
			name = Release;
		};
		99D8558A2602DB0A007E7207 /* Debug */ = {
			isa = XCBuildConfiguration;
			buildSettings = {
				ASSETCATALOG_COMPILER_APPICON_NAME = AppIcon;
				ASSETCATALOG_COMPILER_GLOBAL_ACCENT_COLOR_NAME = AccentColor;
				CODE_SIGN_STYLE = Automatic;
				DEVELOPMENT_TEAM = 9KJ59DSH6L;
				INFOPLIST_FILE = "20210317-DanielSpady-NYCSchools/Info.plist";
				LD_RUNPATH_SEARCH_PATHS = (
					"$(inherited)",
					"@executable_path/Frameworks",
				);
				PRODUCT_BUNDLE_IDENTIFIER = "com.test.-0210317-DanielSpady-NYCSchools";
				PRODUCT_NAME = "$(TARGET_NAME)";
				SWIFT_VERSION = 5.0;
				TARGETED_DEVICE_FAMILY = "1,2";
			};
			name = Debug;
		};
		99D8558B2602DB0A007E7207 /* Release */ = {
			isa = XCBuildConfiguration;
			buildSettings = {
				ASSETCATALOG_COMPILER_APPICON_NAME = AppIcon;
				ASSETCATALOG_COMPILER_GLOBAL_ACCENT_COLOR_NAME = AccentColor;
				CODE_SIGN_STYLE = Automatic;
				DEVELOPMENT_TEAM = 9KJ59DSH6L;
				INFOPLIST_FILE = "20210317-DanielSpady-NYCSchools/Info.plist";
				LD_RUNPATH_SEARCH_PATHS = (
					"$(inherited)",
					"@executable_path/Frameworks",
				);
				PRODUCT_BUNDLE_IDENTIFIER = "com.test.-0210317-DanielSpady-NYCSchools";
				PRODUCT_NAME = "$(TARGET_NAME)";
				SWIFT_VERSION = 5.0;
				TARGETED_DEVICE_FAMILY = "1,2";
			};
			name = Release;
		};
		99D8558D2602DB0A007E7207 /* Debug */ = {
			isa = XCBuildConfiguration;
			buildSettings = {
				ALWAYS_EMBED_SWIFT_STANDARD_LIBRARIES = YES;
				BUNDLE_LOADER = "$(TEST_HOST)";
				CODE_SIGN_STYLE = Automatic;
				DEVELOPMENT_TEAM = 9KJ59DSH6L;
				INFOPLIST_FILE = "20210317-DanielSpady-NYCSchoolsTests/Info.plist";
				IPHONEOS_DEPLOYMENT_TARGET = 14.0;
				LD_RUNPATH_SEARCH_PATHS = (
					"$(inherited)",
					"@executable_path/Frameworks",
					"@loader_path/Frameworks",
				);
				PRODUCT_BUNDLE_IDENTIFIER = "com.test.-0210317-DanielSpady-NYCSchoolsTests";
				PRODUCT_NAME = "$(TARGET_NAME)";
				SWIFT_VERSION = 5.0;
				TARGETED_DEVICE_FAMILY = "1,2";
				TEST_HOST = "$(BUILT_PRODUCTS_DIR)/20210317-DanielSpady-NYCSchools.app/20210317-DanielSpady-NYCSchools";
			};
			name = Debug;
		};
		99D8558E2602DB0A007E7207 /* Release */ = {
			isa = XCBuildConfiguration;
			buildSettings = {
				ALWAYS_EMBED_SWIFT_STANDARD_LIBRARIES = YES;
				BUNDLE_LOADER = "$(TEST_HOST)";
				CODE_SIGN_STYLE = Automatic;
				DEVELOPMENT_TEAM = 9KJ59DSH6L;
				INFOPLIST_FILE = "20210317-DanielSpady-NYCSchoolsTests/Info.plist";
				IPHONEOS_DEPLOYMENT_TARGET = 14.0;
				LD_RUNPATH_SEARCH_PATHS = (
					"$(inherited)",
					"@executable_path/Frameworks",
					"@loader_path/Frameworks",
				);
				PRODUCT_BUNDLE_IDENTIFIER = "com.test.-0210317-DanielSpady-NYCSchoolsTests";
				PRODUCT_NAME = "$(TARGET_NAME)";
				SWIFT_VERSION = 5.0;
				TARGETED_DEVICE_FAMILY = "1,2";
				TEST_HOST = "$(BUILT_PRODUCTS_DIR)/20210317-DanielSpady-NYCSchools.app/20210317-DanielSpady-NYCSchools";
			};
			name = Release;
		};
		99D855902602DB0A007E7207 /* Debug */ = {
			isa = XCBuildConfiguration;
			buildSettings = {
				ALWAYS_EMBED_SWIFT_STANDARD_LIBRARIES = YES;
				CODE_SIGN_STYLE = Automatic;
				DEVELOPMENT_TEAM = 9KJ59DSH6L;
				INFOPLIST_FILE = "20210317-DanielSpady-NYCSchoolsUITests/Info.plist";
				LD_RUNPATH_SEARCH_PATHS = (
					"$(inherited)",
					"@executable_path/Frameworks",
					"@loader_path/Frameworks",
				);
				PRODUCT_BUNDLE_IDENTIFIER = "com.test.-0210317-DanielSpady-NYCSchoolsUITests";
				PRODUCT_NAME = "$(TARGET_NAME)";
				SWIFT_VERSION = 5.0;
				TARGETED_DEVICE_FAMILY = "1,2";
				TEST_TARGET_NAME = "20210317-DanielSpady-NYCSchools";
			};
			name = Debug;
		};
		99D855912602DB0A007E7207 /* Release */ = {
			isa = XCBuildConfiguration;
			buildSettings = {
				ALWAYS_EMBED_SWIFT_STANDARD_LIBRARIES = YES;
				CODE_SIGN_STYLE = Automatic;
				DEVELOPMENT_TEAM = 9KJ59DSH6L;
				INFOPLIST_FILE = "20210317-DanielSpady-NYCSchoolsUITests/Info.plist";
				LD_RUNPATH_SEARCH_PATHS = (
					"$(inherited)",
					"@executable_path/Frameworks",
					"@loader_path/Frameworks",
				);
				PRODUCT_BUNDLE_IDENTIFIER = "com.test.-0210317-DanielSpady-NYCSchoolsUITests";
				PRODUCT_NAME = "$(TARGET_NAME)";
				SWIFT_VERSION = 5.0;
				TARGETED_DEVICE_FAMILY = "1,2";
				TEST_TARGET_NAME = "20210317-DanielSpady-NYCSchools";
			};
			name = Release;
		};
/* End XCBuildConfiguration section */

/* Begin XCConfigurationList section */
		99D8555A2602DB07007E7207 /* Build configuration list for PBXProject "20210317-DanielSpady-NYCSchools" */ = {
			isa = XCConfigurationList;
			buildConfigurations = (
				99D855872602DB0A007E7207 /* Debug */,
				99D855882602DB0A007E7207 /* Release */,
			);
			defaultConfigurationIsVisible = 0;
			defaultConfigurationName = Release;
		};
		99D855892602DB0A007E7207 /* Build configuration list for PBXNativeTarget "20210317-DanielSpady-NYCSchools" */ = {
			isa = XCConfigurationList;
			buildConfigurations = (
				99D8558A2602DB0A007E7207 /* Debug */,
				99D8558B2602DB0A007E7207 /* Release */,
			);
			defaultConfigurationIsVisible = 0;
			defaultConfigurationName = Release;
		};
		99D8558C2602DB0A007E7207 /* Build configuration list for PBXNativeTarget "20210317-DanielSpady-NYCSchoolsTests" */ = {
			isa = XCConfigurationList;
			buildConfigurations = (
				99D8558D2602DB0A007E7207 /* Debug */,
				99D8558E2602DB0A007E7207 /* Release */,
			);
			defaultConfigurationIsVisible = 0;
			defaultConfigurationName = Release;
		};
		99D8558F2602DB0A007E7207 /* Build configuration list for PBXNativeTarget "20210317-DanielSpady-NYCSchoolsUITests" */ = {
			isa = XCConfigurationList;
			buildConfigurations = (
				99D855902602DB0A007E7207 /* Debug */,
				99D855912602DB0A007E7207 /* Release */,
			);
			defaultConfigurationIsVisible = 0;
			defaultConfigurationName = Release;
		};
/* End XCConfigurationList section */
	};
	rootObject = 99D855572602DB07007E7207 /* Project object */;
}
